
Microsoft Visual Studio Solution File, Format Version 12.00
# Visual Studio Version 17
VisualStudioVersion = 17.7.34009.444
MinimumVisualStudioVersion = 10.0.40219.1
Project("{FAE04EC0-301F-11D3-BF4B-00C04F79EFBC}") = "NamedPetTags", "NamedPetTags.csproj", "{92B68BD7-AF4D-408E-9A79-849CF19F112C}"
EndProject
Global
	GlobalSection(SolutionConfigurationPlatforms) = preSolution
		Debug|Any CPU = Debug|Any CPU
		Release|Any CPU = Release|Any CPU
	EndGlobalSection
	GlobalSection(ProjectConfigurationPlatforms) = postSolution
		{92B68BD7-AF4D-408E-9A79-849CF19F112C}.Debug|Any CPU.ActiveCfg = Debug|Any CPU
		{92B68BD7-AF4D-408E-9A79-849CF19F112C}.Debug|Any CPU.Build.0 = Debug|Any CPU
		{92B68BD7-AF4D-408E-9A79-849CF19F112C}.Release|Any CPU.ActiveCfg = Release|Any CPU
		{92B68BD7-AF4D-408E-9A79-849CF19F112C}.Release|Any CPU.Build.0 = Release|Any CPU
	EndGlobalSection
	GlobalSection(SolutionProperties) = preSolution
		HideSolutionNode = FALSE
	EndGlobalSection
	GlobalSection(ExtensibilityGlobals) = postSolution
		SolutionGuid = {B35F7434-6F9F-40F2-A910-E016E2260E01}
	EndGlobalSection
EndGlobal
